
Microsoft Visual Studio Solution File, Format Version 12.00
Project("{FAE04EC0-301F-11D3-BF4B-00C04F79EFBC}") = "VFK.Extensions.Logging", "VFK.Extensions.Logging\VFK.Extensions.Logging.csproj", "{2177A4A3-89FD-401C-B413-7FAE77B8F1A9}"
EndProject
Project("{FAE04EC0-301F-11D3-BF4B-00C04F79EFBC}") = "VFK.Extensions.Logging.Tests", "VFK.Extensions.Logging.Tests\VFK.Extensions.Logging.Tests.csproj", "{37134AC6-DFAA-477B-8579-1F964D46687F}"
EndProject
Global
	GlobalSection(SolutionConfigurationPlatforms) = preSolution
		Debug|Any CPU = Debug|Any CPU
		Release|Any CPU = Release|Any CPU
	EndGlobalSection
	GlobalSection(ProjectConfigurationPlatforms) = postSolution
		{2177A4A3-89FD-401C-B413-7FAE77B8F1A9}.Debug|Any CPU.ActiveCfg = Debug|Any CPU
		{2177A4A3-89FD-401C-B413-7FAE77B8F1A9}.Debug|Any CPU.Build.0 = Debug|Any CPU
		{2177A4A3-89FD-401C-B413-7FAE77B8F1A9}.Release|Any CPU.ActiveCfg = Release|Any CPU
		{2177A4A3-89FD-401C-B413-7FAE77B8F1A9}.Release|Any CPU.Build.0 = Release|Any CPU
		{37134AC6-DFAA-477B-8579-1F964D46687F}.Debug|Any CPU.ActiveCfg = Debug|Any CPU
		{37134AC6-DFAA-477B-8579-1F964D46687F}.Debug|Any CPU.Build.0 = Debug|Any CPU
		{37134AC6-DFAA-477B-8579-1F964D46687F}.Release|Any CPU.ActiveCfg = Release|Any CPU
		{37134AC6-DFAA-477B-8579-1F964D46687F}.Release|Any CPU.Build.0 = Release|Any CPU
	EndGlobalSection
EndGlobal
